version = 1
requires-python = ">=3.13"

[[package]]
name = "lectes"
version = "0.1.0"
source = { editable = "." }

[package.dev-dependencies]
dev = [
    { name = "ty" },
]

[package.metadata]

[package.metadata.requires-dev]
dev = [{ name = "ty", specifier = ">=0.0.1a20" }]

[[package]]
name = "ty"
version = "0.0.1a20"
source = { registry = "https://pypi.org/simple" }
sdist = { url = "https://files.pythonhosted.org/packages/7a/82/a5e3b4bc5280ec49c4b0b43d0ff727d58c7df128752c9c6f97ad0b5f575f/ty-0.0.1a20.tar.gz", hash = "sha256:933b65a152f277aa0e23ba9027e5df2c2cc09e18293e87f2a918658634db5f15", size = 4194773 }
wheels = [
    { url = "https://files.pythonhosted.org/packages/45/c8/f7d39392043d5c04936f6cad90e50eb661965ed092ca4bfc01db917d7b8a/ty-0.0.1a20-py3-none-linux_armv6l.whl", hash = "sha256:f73a7aca1f0d38af4d6999b375eb00553f3bfcba102ae976756cc142e14f3450", size = 8443599 },
    { url = "https://files.pythonhosted.org/packages/1e/57/5aec78f9b8a677b7439ccded7d66c3361e61247e0f6b14e659b00dd01008/ty-0.0.1a20-py3-none-macosx_10_12_x86_64.whl", hash = "sha256:cad12c857ea4b97bf61e02f6796e13061ccca5e41f054cbd657862d80aa43bae", size = 8618102 },
    { url = "https://files.pythonhosted.org/packages/15/20/50c9107d93cdb55676473d9dc4e2339af6af606660c9428d3b86a1b2a476/ty-0.0.1a20-py3-none-macosx_11_0_arm64.whl", hash = "sha256:f153b65c7fcb6b8b59547ddb6353761b3e8d8bb6f0edd15e3e3ac14405949f7a", size = 8192167 },
    { url = "https://files.pythonhosted.org/packages/85/28/018b2f330109cee19e81c5ca9df3dc29f06c5778440eb9af05d4550c4302/ty-0.0.1a20-py3-none-manylinux_2_17_aarch64.manylinux2014_aarch64.whl", hash = "sha256:b8c4336987a6a781d4392a9fd7b3a39edb7e4f3dd4f860e03f46c932b52aefa2", size = 8349256 },
    { url = "https://files.pythonhosted.org/packages/cd/c9/2f8797a05587158f52b142278796ffd72c893bc5ad41840fce5aeb65c6f2/ty-0.0.1a20-py3-none-manylinux_2_17_armv7l.manylinux2014_armv7l.whl", hash = "sha256:3ff75cd4c744d09914e8c9db8d99e02f82c9379ad56b0a3fc4c5c9c923cfa84e", size = 8271214 },
    { url = "https://files.pythonhosted.org/packages/30/d4/2cac5e5eb9ee51941358cb3139aadadb59520cfaec94e4fcd2b166969748/ty-0.0.1a20-py3-none-manylinux_2_17_i686.manylinux2014_i686.whl", hash = "sha256:e26437772be7f7808868701f2bf9e14e706a6ec4c7d02dbd377ff94d7ba60c11", size = 9264939 },
    { url = "https://files.pythonhosted.org/packages/93/96/a6f2b54e484b2c6a5488f217882237dbdf10f0fdbdb6cd31333d57afe494/ty-0.0.1a20-py3-none-manylinux_2_17_ppc64.manylinux2014_ppc64.whl", hash = "sha256:83a7ee12465841619b5eb3ca962ffc7d576bb1c1ac812638681aee241acbfbbe", size = 9743137 },
    { url = "https://files.pythonhosted.org/packages/6e/67/95b40dcbec3d222f3af5fe5dd1ce066d42f8a25a2f70d5724490457048e7/ty-0.0.1a20-py3-none-manylinux_2_17_ppc64le.manylinux2014_ppc64le.whl", hash = "sha256:726d0738be4459ac7ffae312ba96c5f486d6cbc082723f322555d7cba9397871", size = 9368153 },
    { url = "https://files.pythonhosted.org/packages/2c/24/689fa4c4270b9ef9a53dc2b1d6ffade259ba2c4127e451f0629e130ea46a/ty-0.0.1a20-py3-none-manylinux_2_17_s390x.manylinux2014_s390x.whl", hash = "sha256:0b481f26513f38543df514189fb16744690bcba8d23afee95a01927d93b46e36", size = 9099637 },
    { url = "https://files.pythonhosted.org/packages/a1/5b/913011cbf3ea4030097fb3c4ce751856114c9e1a5e1075561a4c5242af9b/ty-0.0.1a20-py3-none-manylinux_2_17_x86_64.manylinux2014_x86_64.whl", hash = "sha256:7abbe3c02218c12228b1d7c5f98c57240029cc3bcb15b6997b707c19be3908c1", size = 8952000 },
    { url = "https://files.pythonhosted.org/packages/df/f9/f5ba2ae455b20c5bb003f9940ef8142a8c4ed9e27de16e8f7472013609db/ty-0.0.1a20-py3-none-musllinux_1_2_aarch64.whl", hash = "sha256:fff51c75ee3f7cc6d7722f2f15789ef8ffe6fd2af70e7269ac785763c906688e", size = 8217938 },
    { url = "https://files.pythonhosted.org/packages/eb/62/17002cf9032f0981cdb8c898d02422c095c30eefd69ca62a8b705d15bd0f/ty-0.0.1a20-py3-none-musllinux_1_2_armv7l.whl", hash = "sha256:b4124ab75e0e6f09fe7bc9df4a77ee43c5e0ef7e61b0c149d7c089d971437cbd", size = 8292369 },
    { url = "https://files.pythonhosted.org/packages/28/d6/0879b1fb66afe1d01d45c7658f3849aa641ac4ea10679404094f3b40053e/ty-0.0.1a20-py3-none-musllinux_1_2_i686.whl", hash = "sha256:8a138fa4f74e6ed34e9fd14652d132409700c7ff57682c2fed656109ebfba42f", size = 8811973 },
    { url = "https://files.pythonhosted.org/packages/60/1e/70bf0348cfe8ba5f7532983f53c508c293ddf5fa9f942ed79a3c4d576df3/ty-0.0.1a20-py3-none-musllinux_1_2_x86_64.whl", hash = "sha256:8eff8871d6b88d150e2a67beba2c57048f20c090c219f38ed02eebaada04c124", size = 9010990 },
    { url = "https://files.pythonhosted.org/packages/b7/ca/03d85c7650359247b1ca3f38a0d869a608ef540450151920e7014ed58292/ty-0.0.1a20-py3-none-win32.whl", hash = "sha256:3c2ace3a22fab4bd79f84c74e3dab26e798bfba7006bea4008d6321c1bd6efc6", size = 8100746 },
    { url = "https://files.pythonhosted.org/packages/94/53/7a1937b8c7a66d0c8ed7493de49ed454a850396fe137d2ae12ed247e0b2f/ty-0.0.1a20-py3-none-win_amd64.whl", hash = "sha256:f41e77ff118da3385915e13c3f366b3a2f823461de54abd2e0ca72b170ba0f19", size = 8748861 },
    { url = "https://files.pythonhosted.org/packages/27/36/5a3a70c5d497d3332f9e63cabc9c6f13484783b832fecc393f4f1c0c4aa8/ty-0.0.1a20-py3-none-win_arm64.whl", hash = "sha256:d8ac1c5a14cda5fad1a8b53959d9a5d979fe16ce1cc2785ea8676fed143ac85f", size = 8269906 },
]
